{
  "name": "@bunnix/redux",
  "version": "0.1.0",
  "lockfileVersion": 3,
  "requires": true,
  "packages": {
    "": {
      "name": "@bunnix/redux",
      "version": "0.1.0",
      "license": "ISC",
      "devDependencies": {},
      "peerDependencies": {
        "@bunnix/core": "0.9.0"
      }
    },
    "node_modules/@bunnix/core": {
      "version": "0.9.0",
      "resolved": "https://registry.npmjs.org/@bunnix/core/-/core-0.9.0.tgz",
      "integrity": "sha512-P3cIl02nfpnqoNGa8zqq3CdtfZErGDzx8TO4s+BD/fsxqCtILRrVeMWHbfPcgYW3fy9gxGAd5yS/McTxOkLCIg==",
      "license": "ISC",
      "peer": true
    }
  }
}
